
Microsoft Visual Studio Solution File, Format Version 12.00
# Visual Studio Version 17
VisualStudioVersion = 17.5.33516.290
MinimumVisualStudioVersion = 10.0.40219.1
Project("{FAE04EC0-301F-11D3-BF4B-00C04F79EFBC}") = "ChampRecommender", "ChampRecommender\ChampRecommender.csproj", "{9144318A-4A58-4451-B038-A32DDBFEDE01}"
EndProject
Global
	GlobalSection(SolutionConfigurationPlatforms) = preSolution
		Debug|Any CPU = Debug|Any CPU
		Release|Any CPU = Release|Any CPU
	EndGlobalSection
	GlobalSection(ProjectConfigurationPlatforms) = postSolution
		{9144318A-4A58-4451-B038-A32DDBFEDE01}.Debug|Any CPU.ActiveCfg = Debug|Any CPU
		{9144318A-4A58-4451-B038-A32DDBFEDE01}.Debug|Any CPU.Build.0 = Debug|Any CPU
		{9144318A-4A58-4451-B038-A32DDBFEDE01}.Release|Any CPU.ActiveCfg = Release|Any CPU
		{9144318A-4A58-4451-B038-A32DDBFEDE01}.Release|Any CPU.Build.0 = Release|Any CPU
	EndGlobalSection
	GlobalSection(SolutionProperties) = preSolution
		HideSolutionNode = FALSE
	EndGlobalSection
	GlobalSection(ExtensibilityGlobals) = postSolution
		SolutionGuid = {DDBEED95-49E7-41A4-AFAC-8F9A9B1CAEEB}
	EndGlobalSection
EndGlobal
