
Microsoft Visual Studio Solution File, Format Version 12.00
# Visual Studio Version 17
VisualStudioVersion = 17.5.33516.290
MinimumVisualStudioVersion = 10.0.40219.1
Project("{9A19103F-16F7-4668-BE54-9A1E7A4F7556}") = "ChampRecommender", "ChampRecommender\ChampRecommender.csproj", "{9144318A-4A58-4451-B038-A32DDBFEDE01}"
EndProject
Project("{2150E333-8FDC-42A3-9474-1A3956D46DE8}") = "솔루션 항목", "솔루션 항목", "{A0120FAE-61CC-4F53-86A4-7DDC5DC75CC8}"
	ProjectSection(SolutionItems) = preProject
		readme.MD = readme.MD
	EndProjectSection
EndProject
Global
	GlobalSection(SolutionConfigurationPlatforms) = preSolution
		Debug|Any CPU = Debug|Any CPU
		Release|Any CPU = Release|Any CPU
	EndGlobalSection
	GlobalSection(ProjectConfigurationPlatforms) = postSolution
		{9144318A-4A58-4451-B038-A32DDBFEDE01}.Debug|Any CPU.ActiveCfg = Debug|Any CPU
		{9144318A-4A58-4451-B038-A32DDBFEDE01}.Debug|Any CPU.Build.0 = Debug|Any CPU
		{9144318A-4A58-4451-B038-A32DDBFEDE01}.Release|Any CPU.ActiveCfg = Release|Any CPU
		{9144318A-4A58-4451-B038-A32DDBFEDE01}.Release|Any CPU.Build.0 = Release|Any CPU
	EndGlobalSection
	GlobalSection(SolutionProperties) = preSolution
		HideSolutionNode = FALSE
	EndGlobalSection
	GlobalSection(ExtensibilityGlobals) = postSolution
		SolutionGuid = {DDBEED95-49E7-41A4-AFAC-8F9A9B1CAEEB}
	EndGlobalSection
EndGlobal
